# THIS IS AN AUTOGENERATED FILE. DO NOT EDIT THIS FILE DIRECTLY.
# yarn lockfile v1


"@colyseus/schema@^1.0.28":
  version "1.0.31"
  resolved "https://registry.yarnpkg.com/@colyseus/schema/-/schema-1.0.31.tgz#fd77c7fe1aee9790cc4c6c77b0c346f5b0fb1386"
  integrity sha512-dm8piBTWKt8MR4bwtJmkmzRYR0ucbtUfWuo86Uu+ew3ogv2o+5JKvhxRLJKS+SH36C1f1+cYQbZViYAwscJpQA==
